{
  "projects": [
    {
      "projectId": "5RFQEMyNFhqH4SLzFAASMM",
      "version": "latest",
      "dependencies": {
        "axVArpcqgHCPMKB2yUGsW3": "0.0.3",
        "8PtdGodUbexNYgkuyBUcWu": "3.33.0",
        "caTPwKxj5ZrD9LQ7DMdK4Z": "3.48.0",
        "ohDidvG9XsCeFumugENU3J": "6.36.0"
      },
      "lang": "ts",
      "fileLocks": [
        {
          "assetId": "5RFQEMyNFhqH4SLzFAASMM",
          "checksum": "4bdf392a2401e8eb68fa0b80eb93cc2a",
          "type": "projectModule"
        },
        {
          "assetId": "5RFQEMyNFhqH4SLzFAASMM",
          "checksum": "090de7d812416b6d9888ca7cdc5cc5fc",
          "type": "styleTokensProvider"
        },
        {
          "type": "renderModule",
          "assetId": "KynzDgv1-NaR",
          "checksum": "22126f0caeac398ab6ed44023c409a51"
        },
        {
          "type": "cssRules",
          "assetId": "KynzDgv1-NaR",
          "checksum": "22126f0caeac398ab6ed44023c409a51"
        },
        {
          "type": "icon",
          "assetId": "QSFcjnrXqUXs",
          "checksum": "76b809babbbd9e1ff990db27ee347976"
        },
        {
          "type": "icon",
          "assetId": "sGxTmPtc5pPp",
          "checksum": "82e6459148c91a1bd500c712c0982584"
        },
        {
          "type": "icon",
          "assetId": "955Rrjp1RWUL",
          "checksum": "7fb7d9c2d602a3639cf26640ae06845e"
        },
        {
          "type": "icon",
          "assetId": "3QDC0LyA65OX",
          "checksum": "10021a81843344087c5523a3631b180f"
        },
        {
          "type": "icon",
          "assetId": "yRUitfzQMAry",
          "checksum": "66bea7ca9360df892d5760fc86863c3b"
        },
        {
          "type": "icon",
          "assetId": "jkEfj6wFtAZc",
          "checksum": "8d7583fcb40058e154fe77da3e4ad410"
        },
        {
          "type": "icon",
          "assetId": "Dj9C-pMQoICY",
          "checksum": "8ad912902200f954083a00fba0967857"
        },
        {
          "type": "icon",
          "assetId": "lskjNFLUdKfb",
          "checksum": "683d8aae888f772177bc863df78e78aa"
        },
        {
          "type": "icon",
          "assetId": "hGzc2xOcdZC9",
          "checksum": "5c88c110ef3d00784db636b20028bd86"
        },
        {
          "type": "icon",
          "assetId": "ov_pm5ZDY9Dq",
          "checksum": "2bd4fa42091095bfc602d35799c70c25"
        },
        {
          "type": "icon",
          "assetId": "8YYbEIpiqksB",
          "checksum": "881e331ed9e73274a4f223160def0e0f"
        },
        {
          "type": "icon",
          "assetId": "UkJSgGjmh3C0",
          "checksum": "48d74cde4958680cef67956bc67ad862"
        },
        {
          "type": "icon",
          "assetId": "mix-DtREsHLZ",
          "checksum": "57956939d90d293d0b5558c11de6c05b"
        },
        {
          "type": "icon",
          "assetId": "eE_fHLsxz0Ec",
          "checksum": "720e887ae4b088d3b2fd2407cca947f8"
        },
        {
          "type": "icon",
          "assetId": "EZENRxJYAdTV",
          "checksum": "12ecc297b4d30a0418ac0a4ae378c07d"
        },
        {
          "type": "icon",
          "assetId": "Zv3Kgwk3PrOp",
          "checksum": "93013268d2dc9f8658f9df3f0734a4e8"
        },
        {
          "type": "icon",
          "assetId": "ZMti0_VkdAkc",
          "checksum": "f2ceecccfe48a51646b371c7a3fda116"
        },
        {
          "type": "image",
          "assetId": "jiNKJ3XTv_aC",
          "checksum": "81a397919d1e0e9883bc234527b6736f"
        },
        {
          "type": "image",
          "assetId": "k9OFCD72Jy5H",
          "checksum": "03eb9a476f286f82114e318a7710b5f7"
        },
        {
          "type": "image",
          "assetId": "TFb0FVnwlcWg",
          "checksum": "4727a9fdb717f1ab560cac68e1cb5c55"
        },
        {
          "type": "image",
          "assetId": "zDu0K82-X6Ye",
          "checksum": "0ea8afd477b60ca899930fffd674e669"
        },
        {
          "type": "image",
          "assetId": "FWAquS9MYkDo",
          "checksum": "5dfe7cf31bfa8e97f2ff6b06e21e0c4b"
        },
        {
          "type": "renderModule",
          "assetId": "14gnl-eYPcLg",
          "checksum": "fff4028ed168f8aa52d958b1ca23a5b8"
        },
        {
          "type": "cssRules",
          "assetId": "14gnl-eYPcLg",
          "checksum": "fff4028ed168f8aa52d958b1ca23a5b8"
        },
        {
          "type": "renderModule",
          "assetId": "DfUbWaaGRLVN",
          "checksum": "649de5f62427d84aed331f604541cae5"
        },
        {
          "type": "cssRules",
          "assetId": "DfUbWaaGRLVN",
          "checksum": "649de5f62427d84aed331f604541cae5"
        },
        {
          "type": "renderModule",
          "assetId": "uDgGFisdmU9o",
          "checksum": "33cfc1dc2500dacacc1f7a614030b2fb"
        },
        {
          "type": "cssRules",
          "assetId": "uDgGFisdmU9o",
          "checksum": "33cfc1dc2500dacacc1f7a614030b2fb"
        },
        {
          "type": "renderModule",
          "assetId": "xMkRB3Moyr1q",
          "checksum": "adc063cf99269d0a3004bba51cc83ef2"
        },
        {
          "type": "cssRules",
          "assetId": "xMkRB3Moyr1q",
          "checksum": "adc063cf99269d0a3004bba51cc83ef2"
        },
        {
          "type": "renderModule",
          "assetId": "F3O-s0wbfh7V",
          "checksum": "981e921925985230399dea4fd67dc16f"
        },
        {
          "type": "cssRules",
          "assetId": "F3O-s0wbfh7V",
          "checksum": "981e921925985230399dea4fd67dc16f"
        },
        {
          "type": "renderModule",
          "assetId": "Ah3GcmkX2F65",
          "checksum": "a87f8adc9f3f139cc77fa941cfb05489"
        },
        {
          "type": "cssRules",
          "assetId": "Ah3GcmkX2F65",
          "checksum": "a87f8adc9f3f139cc77fa941cfb05489"
        },
        {
          "type": "renderModule",
          "assetId": "N9Hx1TT-AY0A",
          "checksum": "08ab169e3c69cf991f394eaf00af38e2"
        },
        {
          "type": "cssRules",
          "assetId": "N9Hx1TT-AY0A",
          "checksum": "08ab169e3c69cf991f394eaf00af38e2"
        },
        {
          "type": "renderModule",
          "assetId": "chW5EJBrUWkw",
          "checksum": "554cfe5b118df7791811189fa2a9f309"
        },
        {
          "type": "cssRules",
          "assetId": "chW5EJBrUWkw",
          "checksum": "554cfe5b118df7791811189fa2a9f309"
        },
        {
          "type": "icon",
          "assetId": "oux8kujogT8a",
          "checksum": "481636e8227b5fcc0692efb9a0d7c7ca"
        },
        {
          "type": "icon",
          "assetId": "K5Fu1GNigI67",
          "checksum": "fa152aad9a4b68e9a64a44b6f4b0d183"
        },
        {
          "type": "icon",
          "assetId": "4Uzo9N5hFxaQ",
          "checksum": "6b92c814542dddaa35986f2b28ab4ce5"
        },
        {
          "type": "icon",
          "assetId": "LepN3UXLs5OZ",
          "checksum": "3a6e4913d3802f4336b6536b05b5d365"
        },
        {
          "type": "icon",
          "assetId": "HdKuoebPo1bM",
          "checksum": "7cfcdb7a87d2051b1e6bb24138d77589"
        },
        {
          "type": "icon",
          "assetId": "K6E71KUQhd79",
          "checksum": "be892f39fb7e96f5db59f5f3f4ede6d0"
        },
        {
          "type": "icon",
          "assetId": "wrjnwsfdJxJC",
          "checksum": "f3e57caaf78fdde40e128f434b1ff7dd"
        },
        {
          "type": "image",
          "assetId": "_mT8xmlRdT9y",
          "checksum": "75699e5e312523c233c123f30d107311"
        },
        {
          "type": "image",
          "assetId": "cayDOvfnjf8Y",
          "checksum": "ded0a5411ef019f3e499040ec35ee8db"
        },
        {
          "type": "image",
          "assetId": "2uSX_q0JJvCf",
          "checksum": "596abd08b6bb2311cc70eb6606c04826"
        },
        {
          "type": "image",
          "assetId": "pgDytCTdmkeL",
          "checksum": "a8b7070e11f7b3bbc6650d9f2d62fb85"
        },
        {
          "type": "image",
          "assetId": "4H5lLuByqSsq",
          "checksum": "d36ae0916850ca20f2f98f654bfd6123"
        },
        {
          "type": "image",
          "assetId": "fdWNnK-LKDpT",
          "checksum": "5842ad601e94bd9c5809d260081699fd"
        },
        {
          "assetId": "5RFQEMyNFhqH4SLzFAASMM",
          "checksum": "ecaa3a9d1213db450a0ea359ada8b821",
          "type": "globalContexts"
        },
        {
          "type": "renderModule",
          "assetId": "p2Y85AioaQIm",
          "checksum": "c34c61406be6d93dfcd9a43a4b100d0a"
        },
        {
          "type": "cssRules",
          "assetId": "p2Y85AioaQIm",
          "checksum": "c34c61406be6d93dfcd9a43a4b100d0a"
        },
        {
          "assetId": "5RFQEMyNFhqH4SLzFAASMM",
          "type": "projectCss",
          "checksum": "4067e315e77a374bc1cf98f4ee28ce73"
        },
        {
          "type": "renderModule",
          "assetId": "BygvdLAYsdhA",
          "checksum": "8b9c8c188309c9be3820f1a83be82543"
        },
        {
          "type": "cssRules",
          "assetId": "BygvdLAYsdhA",
          "checksum": "8b9c8c188309c9be3820f1a83be82543"
        },
        {
          "type": "renderModule",
          "assetId": "7_jePp73DrbF",
          "checksum": "3dd99af85e700b6fbe8a7e6d68798112"
        },
        {
          "type": "cssRules",
          "assetId": "7_jePp73DrbF",
          "checksum": "3dd99af85e700b6fbe8a7e6d68798112"
        },
        {
          "type": "icon",
          "assetId": "xsLj7J5F-sSs",
          "checksum": "5ada9ae6cf42a6854542431ab59af68d"
        },
        {
          "type": "image",
          "assetId": "ztt0krsj1h6u",
          "checksum": "2e2dbe145b5d39899bd45935dac9fe88"
        }
      ],
      "codegenVersion": "0.0.3"
    },
    {
      "projectId": "axVArpcqgHCPMKB2yUGsW3",
      "version": "0.0.3",
      "dependencies": {},
      "lang": "ts",
      "fileLocks": [
        {
          "type": "globalVariant",
          "assetId": "aTL61Gk1GKw5",
          "checksum": "b62a345f1491bc300dc7c9e5948f882d"
        },
        {
          "assetId": "axVArpcqgHCPMKB2yUGsW3",
          "type": "projectCss",
          "checksum": "6a1d6f1ae4cc47ff4dfd5b564cfd3ac4"
        },
        {
          "assetId": "axVArpcqgHCPMKB2yUGsW3",
          "checksum": "efeee08be9bb776bd0feea44869d336c",
          "type": "projectModule"
        },
        {
          "assetId": "axVArpcqgHCPMKB2yUGsW3",
          "checksum": "cd805d6527f4ec04f3659a7395593832",
          "type": "styleTokensProvider"
        }
      ],
      "codegenVersion": "0.0.3"
    },
    {
      "projectId": "caTPwKxj5ZrD9LQ7DMdK4Z",
      "version": "3.48.0",
      "dependencies": {},
      "lang": "ts",
      "fileLocks": [
        {
          "assetId": "caTPwKxj5ZrD9LQ7DMdK4Z",
          "type": "projectCss",
          "checksum": "a92f8a81c335659a69443e50fd02af8c"
        },
        {
          "assetId": "caTPwKxj5ZrD9LQ7DMdK4Z",
          "checksum": "5f8b503a54d81c7ee5a80fe9a5b1455f",
          "type": "projectModule"
        },
        {
          "assetId": "caTPwKxj5ZrD9LQ7DMdK4Z",
          "checksum": "a64de52d4813f05feeef174d99168c7a",
          "type": "styleTokensProvider"
        }
      ],
      "codegenVersion": "0.0.3"
    },
    {
      "projectId": "8PtdGodUbexNYgkuyBUcWu",
      "version": "3.33.0",
      "dependencies": {},
      "lang": "ts",
      "fileLocks": [
        {
          "assetId": "8PtdGodUbexNYgkuyBUcWu",
          "type": "projectCss",
          "checksum": "1ba4aeba50d03a6e744a73a4e6995be9"
        },
        {
          "assetId": "8PtdGodUbexNYgkuyBUcWu",
          "checksum": "7374716521343de54f4a1551004b56d6",
          "type": "globalContexts"
        },
        {
          "assetId": "8PtdGodUbexNYgkuyBUcWu",
          "checksum": "4a730a817c90d1d4e5cc48ca7ca0f665",
          "type": "projectModule"
        },
        {
          "assetId": "8PtdGodUbexNYgkuyBUcWu",
          "checksum": "1067b7f90483f13e0d6bcbdffd99aa8c",
          "type": "styleTokensProvider"
        }
      ],
      "codegenVersion": "0.0.3"
    },
    {
      "projectId": "ohDidvG9XsCeFumugENU3J",
      "version": "6.36.0",
      "dependencies": {},
      "lang": "ts",
      "fileLocks": [
        {
          "assetId": "ohDidvG9XsCeFumugENU3J",
          "type": "projectCss",
          "checksum": "3f9cfe65194658f53dac7546f4bf0ebe"
        },
        {
          "assetId": "ohDidvG9XsCeFumugENU3J",
          "checksum": "be3f0aaba617feb7e002ecfd303a0f73",
          "type": "globalContexts"
        },
        {
          "assetId": "ohDidvG9XsCeFumugENU3J",
          "checksum": "fb807fe3705f30ea295ebfad5287dd4b",
          "type": "projectModule"
        },
        {
          "assetId": "ohDidvG9XsCeFumugENU3J",
          "checksum": "89d9d71e8cbe5cd52b12e923833f83f8",
          "type": "styleTokensProvider"
        }
      ],
      "codegenVersion": "0.0.3"
    }
  ],
  "cliVersion": "0.1.359"
}
